
Microsoft Visual Studio Solution File, Format Version 12.00
# Visual Studio Version 16
VisualStudioVersion = 16.0.30611.23
MinimumVisualStudioVersion = 10.0.40219.1
Project("{00D1A9C2-B5F0-4AF3-8072-F6C62B433612}") = "ChurchRecordDB", "ChurchRecordDB.sqlproj", "{A693A10F-EE78-410C-9653-6833C20350A3}"
EndProject
Global
	GlobalSection(SolutionConfigurationPlatforms) = preSolution
		Debug|Any CPU = Debug|Any CPU
		Release|Any CPU = Release|Any CPU
	EndGlobalSection
	GlobalSection(ProjectConfigurationPlatforms) = postSolution
		{A693A10F-EE78-410C-9653-6833C20350A3}.Debug|Any CPU.ActiveCfg = Debug|Any CPU
		{A693A10F-EE78-410C-9653-6833C20350A3}.Debug|Any CPU.Build.0 = Debug|Any CPU
		{A693A10F-EE78-410C-9653-6833C20350A3}.Debug|Any CPU.Deploy.0 = Debug|Any CPU
		{A693A10F-EE78-410C-9653-6833C20350A3}.Release|Any CPU.ActiveCfg = Release|Any CPU
		{A693A10F-EE78-410C-9653-6833C20350A3}.Release|Any CPU.Build.0 = Release|Any CPU
		{A693A10F-EE78-410C-9653-6833C20350A3}.Release|Any CPU.Deploy.0 = Release|Any CPU
	EndGlobalSection
	GlobalSection(SolutionProperties) = preSolution
		HideSolutionNode = FALSE
	EndGlobalSection
	GlobalSection(ExtensibilityGlobals) = postSolution
		SolutionGuid = {011F9924-E52B-4499-A529-A10C6A99B4D6}
	EndGlobalSection
EndGlobal
